
Microsoft Visual Studio Solution File, Format Version 12.00
# Visual Studio Version 17
VisualStudioVersion = 17.1.32319.34
MinimumVisualStudioVersion = 10.0.40219.1
Project("{F2A71F9B-5D33-465A-A702-920D77279786}") = "metadata-service", "metadata-service\metadata-service.fsproj", "{EDC1EB66-CE76-468A-ADC2-1574C138D78A}"
EndProject
Global
	GlobalSection(SolutionConfigurationPlatforms) = preSolution
		Debug|Any CPU = Debug|Any CPU
		Release|Any CPU = Release|Any CPU
	EndGlobalSection
	GlobalSection(ProjectConfigurationPlatforms) = postSolution
		{EDC1EB66-CE76-468A-ADC2-1574C138D78A}.Debug|Any CPU.ActiveCfg = Debug|Any CPU
		{EDC1EB66-CE76-468A-ADC2-1574C138D78A}.Debug|Any CPU.Build.0 = Debug|Any CPU
		{EDC1EB66-CE76-468A-ADC2-1574C138D78A}.Release|Any CPU.ActiveCfg = Release|Any CPU
		{EDC1EB66-CE76-468A-ADC2-1574C138D78A}.Release|Any CPU.Build.0 = Release|Any CPU
	EndGlobalSection
	GlobalSection(SolutionProperties) = preSolution
		HideSolutionNode = FALSE
	EndGlobalSection
	GlobalSection(ExtensibilityGlobals) = postSolution
		SolutionGuid = {A0C7B323-8A0A-4ECB-BE00-D6DC01C5BA3F}
	EndGlobalSection
EndGlobal
